
Microsoft Visual Studio Solution File, Format Version 12.00
# Visual Studio Version 17
VisualStudioVersion = 17.10.35027.167
MinimumVisualStudioVersion = 10.0.40219.1
Project("{FAE04EC0-301F-11D3-BF4B-00C04F79EFBC}") = "Overflow", "Overflow.csproj", "{AB57A024-184E-4147-8861-298496C769F2}"
EndProject
Global
	GlobalSection(SolutionConfigurationPlatforms) = preSolution
		Debug|Any CPU = Debug|Any CPU
		Release|Any CPU = Release|Any CPU
	EndGlobalSection
	GlobalSection(ProjectConfigurationPlatforms) = postSolution
		{AB57A024-184E-4147-8861-298496C769F2}.Debug|Any CPU.ActiveCfg = Debug|Any CPU
		{AB57A024-184E-4147-8861-298496C769F2}.Debug|Any CPU.Build.0 = Debug|Any CPU
		{AB57A024-184E-4147-8861-298496C769F2}.Release|Any CPU.ActiveCfg = Release|Any CPU
		{AB57A024-184E-4147-8861-298496C769F2}.Release|Any CPU.Build.0 = Release|Any CPU
	EndGlobalSection
	GlobalSection(SolutionProperties) = preSolution
		HideSolutionNode = FALSE
	EndGlobalSection
	GlobalSection(ExtensibilityGlobals) = postSolution
		SolutionGuid = {D74212F4-6E20-4806-B870-ED280A22E3AB}
	EndGlobalSection
EndGlobal
